{
  "name": "dependency-property-generator",
  "version": "1.0.0",
  "lockfileVersion": 3,
  "requires": true,
  "packages": {
    "": {
      "name": "dependency-property-generator",
      "version": "1.0.0",
      "devDependencies": {
        "clean-package": "^2.2.0"
      }
    },
    "node_modules/clean-package": {
      "version": "2.2.0",
      "resolved": "https://npm.flatt.tech/clean-package/-/clean-package-2.2.0.tgz",
      "integrity": "sha512-vLv8kRqvh4smPDpqAYFPLEijTppAd/cfCz4yBcUGoVl/JKu6ZWKhlo+G/cAmwlSa29RudfBeuyiNEzas8bTwEQ==",
      "dev": true,
      "license": "MIT",
      "dependencies": {
        "dot-prop": "^6.0.1"
      },
      "bin": {
        "clean-package": "bin/main.js"
      }
    },
    "node_modules/dot-prop": {
      "version": "6.0.1",
      "resolved": "https://npm.flatt.tech/dot-prop/-/dot-prop-6.0.1.tgz",
      "integrity": "sha512-tE7ztYzXHIeyvc7N+hR3oi7FIbf/NIjVP9hmAt3yMXzrQ072/fpjGLx2GxNxGxUl5V73MEqYzioOMoVhGMJ5cA==",
      "dev": true,
      "license": "MIT",
      "dependencies": {
        "is-obj": "^2.0.0"
      },
      "engines": {
        "node": ">=10"
      },
      "funding": {
        "url": "https://github.com/sponsors/sindresorhus"
      }
    },
    "node_modules/is-obj": {
      "version": "2.0.0",
      "resolved": "https://npm.flatt.tech/is-obj/-/is-obj-2.0.0.tgz",
      "integrity": "sha512-drqDG3cbczxxEJRoOXcOjtdp1J/lyp1mNn0xaznRs8+muBhgQcrnbspox5X5fOw0HnMnbfDzvnEMEtqDEJEo8w==",
      "dev": true,
      "license": "MIT",
      "engines": {
        "node": ">=8"
      }
    }
  }
}
